
Microsoft Visual Studio Solution File, Format Version 12.00
# Visual Studio Version 16
VisualStudioVersion = 16.0.31019.35
MinimumVisualStudioVersion = 10.0.40219.1
Project("{8BC9CEB8-8B4A-11D0-8D11-00A0C91BC942}") = "geb_M12C", "geb_M12C\geb_M12C.vcxproj", "{60346E72-E16D-4E07-9E4B-47AFFCA0B938}"
EndProject
Global
	GlobalSection(SolutionConfigurationPlatforms) = preSolution
		Debug|x64 = Debug|x64
		Debug|x86 = Debug|x86
		Release|x64 = Release|x64
		Release|x86 = Release|x86
	EndGlobalSection
	GlobalSection(ProjectConfigurationPlatforms) = postSolution
		{60346E72-E16D-4E07-9E4B-47AFFCA0B938}.Debug|x64.ActiveCfg = Debug|x64
		{60346E72-E16D-4E07-9E4B-47AFFCA0B938}.Debug|x64.Build.0 = Debug|x64
		{60346E72-E16D-4E07-9E4B-47AFFCA0B938}.Debug|x86.ActiveCfg = Debug|Win32
		{60346E72-E16D-4E07-9E4B-47AFFCA0B938}.Debug|x86.Build.0 = Debug|Win32
		{60346E72-E16D-4E07-9E4B-47AFFCA0B938}.Release|x64.ActiveCfg = Release|x64
		{60346E72-E16D-4E07-9E4B-47AFFCA0B938}.Release|x64.Build.0 = Release|x64
		{60346E72-E16D-4E07-9E4B-47AFFCA0B938}.Release|x86.ActiveCfg = Release|Win32
		{60346E72-E16D-4E07-9E4B-47AFFCA0B938}.Release|x86.Build.0 = Release|Win32
	EndGlobalSection
	GlobalSection(SolutionProperties) = preSolution
		HideSolutionNode = FALSE
	EndGlobalSection
	GlobalSection(ExtensibilityGlobals) = postSolution
		SolutionGuid = {CBE2397C-C038-49FB-9644-B2371B0CA08B}
	EndGlobalSection
EndGlobal
